
Microsoft Visual Studio Solution File, Format Version 12.00
# Visual Studio 15
VisualStudioVersion = 15.0.28307.1209
MinimumVisualStudioVersion = 10.0.40219.1
Project("{9A19103F-16F7-4668-BE54-9A1E7A4F7556}") = "AssecorApi", "AssecorApi\AssecorApi.csproj", "{30899B42-22EF-4071-A0CE-B886BDA1D1A9}"
EndProject
Project("{FAE04EC0-301F-11D3-BF4B-00C04F79EFBC}") = "AssecorApi.Test", "AssecorApi.Test\AssecorApi.Test.csproj", "{E45A580A-3E43-485D-B7F5-1EE8591D56BC}"
EndProject
Global
	GlobalSection(SolutionConfigurationPlatforms) = preSolution
		Debug|Any CPU = Debug|Any CPU
		Release|Any CPU = Release|Any CPU
	EndGlobalSection
	GlobalSection(ProjectConfigurationPlatforms) = postSolution
		{30899B42-22EF-4071-A0CE-B886BDA1D1A9}.Debug|Any CPU.ActiveCfg = Debug|Any CPU
		{30899B42-22EF-4071-A0CE-B886BDA1D1A9}.Debug|Any CPU.Build.0 = Debug|Any CPU
		{30899B42-22EF-4071-A0CE-B886BDA1D1A9}.Release|Any CPU.ActiveCfg = Release|Any CPU
		{30899B42-22EF-4071-A0CE-B886BDA1D1A9}.Release|Any CPU.Build.0 = Release|Any CPU
		{E45A580A-3E43-485D-B7F5-1EE8591D56BC}.Debug|Any CPU.ActiveCfg = Debug|Any CPU
		{E45A580A-3E43-485D-B7F5-1EE8591D56BC}.Debug|Any CPU.Build.0 = Debug|Any CPU
		{E45A580A-3E43-485D-B7F5-1EE8591D56BC}.Release|Any CPU.ActiveCfg = Release|Any CPU
		{E45A580A-3E43-485D-B7F5-1EE8591D56BC}.Release|Any CPU.Build.0 = Release|Any CPU
	EndGlobalSection
	GlobalSection(SolutionProperties) = preSolution
		HideSolutionNode = FALSE
	EndGlobalSection
	GlobalSection(ExtensibilityGlobals) = postSolution
		SolutionGuid = {268B3FCC-86F3-4628-A7A3-297F16713839}
	EndGlobalSection
EndGlobal
